
Microsoft Visual Studio Solution File, Format Version 12.00
# Visual Studio Version 17
VisualStudioVersion = 17.14.36414.22
MinimumVisualStudioVersion = 10.0.40219.1
Project("{FAE04EC0-301F-11D3-BF4B-00C04F79EFBC}") = "RosalHealthcareSystem", "RosalHealthcareSystem\RosalHealthcareSystem.csproj", "{4DCFA0FD-E8AF-4475-8F9D-0B64E87AFBA3}"
EndProject
Project("{FAE04EC0-301F-11D3-BF4B-00C04F79EFBC}") = "RosalEHealthcare.Core", "RosalEHealthcare.Core\RosalEHealthcare.Core.csproj", "{4CDDD2FC-9C97-4834-AA74-5C28E202BBB4}"
EndProject
Project("{FAE04EC0-301F-11D3-BF4B-00C04F79EFBC}") = "RosalEHealthcare.Data", "RosalEHealthcare.Data\RosalEHealthcare.Data.csproj", "{9B7D2F88-762E-4C95-A47C-E71512B1C68C}"
EndProject
Project("{FAE04EC0-301F-11D3-BF4B-00C04F79EFBC}") = "RosalEHealthcare.Reports", "RosalEHealthcare.Reports\RosalEHealthcare.Reports.csproj", "{A0E0155E-6228-4AFE-87EC-90F05D18A480}"
EndProject
Project("{FAE04EC0-301F-11D3-BF4B-00C04F79EFBC}") = "RosalEHealthcare.Tests", "RosalEHealthcare.Tests\RosalEHealthcare.Tests.csproj", "{8C9A6730-A638-46B6-9748-4D322B803B90}"
EndProject
Project("{2150E333-8FDC-42A3-9474-1A3956D46DE8}") = ".gitignore", ".gitignore", "{02EA681E-C7D8-13C7-8484-4AC65E1B71E8}"
	ProjectSection(SolutionItems) = preProject
		.gitignore = .gitignore
	EndProjectSection
EndProject
Project("{FAE04EC0-301F-11D3-BF4B-00C04F79EFBC}") = "RosalEHealthcare.UI.WPF", "RosalEHealthcare.UI.WPF\RosalEHealthcare.UI.WPF.csproj", "{F6CED47D-F2C1-4357-99F8-BD7DB7868D66}"
EndProject
Global
	GlobalSection(SolutionConfigurationPlatforms) = preSolution
		Debug|Any CPU = Debug|Any CPU
		Debug|x64 = Debug|x64
		Release|Any CPU = Release|Any CPU
		Release|x64 = Release|x64
	EndGlobalSection
	GlobalSection(ProjectConfigurationPlatforms) = postSolution
		{4DCFA0FD-E8AF-4475-8F9D-0B64E87AFBA3}.Debug|Any CPU.ActiveCfg = Debug|Any CPU
		{4DCFA0FD-E8AF-4475-8F9D-0B64E87AFBA3}.Debug|Any CPU.Build.0 = Debug|Any CPU
		{4DCFA0FD-E8AF-4475-8F9D-0B64E87AFBA3}.Debug|x64.ActiveCfg = Debug|x64
		{4DCFA0FD-E8AF-4475-8F9D-0B64E87AFBA3}.Debug|x64.Build.0 = Debug|x64
		{4DCFA0FD-E8AF-4475-8F9D-0B64E87AFBA3}.Release|Any CPU.ActiveCfg = Release|Any CPU
		{4DCFA0FD-E8AF-4475-8F9D-0B64E87AFBA3}.Release|Any CPU.Build.0 = Release|Any CPU
		{4DCFA0FD-E8AF-4475-8F9D-0B64E87AFBA3}.Release|x64.ActiveCfg = Release|x64
		{4DCFA0FD-E8AF-4475-8F9D-0B64E87AFBA3}.Release|x64.Build.0 = Release|x64
		{4CDDD2FC-9C97-4834-AA74-5C28E202BBB4}.Debug|Any CPU.ActiveCfg = Debug|Any CPU
		{4CDDD2FC-9C97-4834-AA74-5C28E202BBB4}.Debug|Any CPU.Build.0 = Debug|Any CPU
		{4CDDD2FC-9C97-4834-AA74-5C28E202BBB4}.Debug|x64.ActiveCfg = Debug|x64
		{4CDDD2FC-9C97-4834-AA74-5C28E202BBB4}.Debug|x64.Build.0 = Debug|x64
		{4CDDD2FC-9C97-4834-AA74-5C28E202BBB4}.Release|Any CPU.ActiveCfg = Release|Any CPU
		{4CDDD2FC-9C97-4834-AA74-5C28E202BBB4}.Release|Any CPU.Build.0 = Release|Any CPU
		{4CDDD2FC-9C97-4834-AA74-5C28E202BBB4}.Release|x64.ActiveCfg = Release|x64
		{4CDDD2FC-9C97-4834-AA74-5C28E202BBB4}.Release|x64.Build.0 = Release|x64
		{9B7D2F88-762E-4C95-A47C-E71512B1C68C}.Debug|Any CPU.ActiveCfg = Debug|Any CPU
		{9B7D2F88-762E-4C95-A47C-E71512B1C68C}.Debug|Any CPU.Build.0 = Debug|Any CPU
		{9B7D2F88-762E-4C95-A47C-E71512B1C68C}.Debug|x64.ActiveCfg = Debug|x64
		{9B7D2F88-762E-4C95-A47C-E71512B1C68C}.Debug|x64.Build.0 = Debug|x64
		{9B7D2F88-762E-4C95-A47C-E71512B1C68C}.Release|Any CPU.ActiveCfg = Release|Any CPU
		{9B7D2F88-762E-4C95-A47C-E71512B1C68C}.Release|Any CPU.Build.0 = Release|Any CPU
		{9B7D2F88-762E-4C95-A47C-E71512B1C68C}.Release|x64.ActiveCfg = Release|x64
		{9B7D2F88-762E-4C95-A47C-E71512B1C68C}.Release|x64.Build.0 = Release|x64
		{A0E0155E-6228-4AFE-87EC-90F05D18A480}.Debug|Any CPU.ActiveCfg = Debug|Any CPU
		{A0E0155E-6228-4AFE-87EC-90F05D18A480}.Debug|Any CPU.Build.0 = Debug|Any CPU
		{A0E0155E-6228-4AFE-87EC-90F05D18A480}.Debug|x64.ActiveCfg = Debug|x64
		{A0E0155E-6228-4AFE-87EC-90F05D18A480}.Debug|x64.Build.0 = Debug|x64
		{A0E0155E-6228-4AFE-87EC-90F05D18A480}.Release|Any CPU.ActiveCfg = Release|Any CPU
		{A0E0155E-6228-4AFE-87EC-90F05D18A480}.Release|Any CPU.Build.0 = Release|Any CPU
		{A0E0155E-6228-4AFE-87EC-90F05D18A480}.Release|x64.ActiveCfg = Release|x64
		{A0E0155E-6228-4AFE-87EC-90F05D18A480}.Release|x64.Build.0 = Release|x64
		{8C9A6730-A638-46B6-9748-4D322B803B90}.Debug|Any CPU.ActiveCfg = Debug|Any CPU
		{8C9A6730-A638-46B6-9748-4D322B803B90}.Debug|Any CPU.Build.0 = Debug|Any CPU
		{8C9A6730-A638-46B6-9748-4D322B803B90}.Debug|x64.ActiveCfg = Debug|x64
		{8C9A6730-A638-46B6-9748-4D322B803B90}.Debug|x64.Build.0 = Debug|x64
		{8C9A6730-A638-46B6-9748-4D322B803B90}.Release|Any CPU.ActiveCfg = Release|Any CPU
		{8C9A6730-A638-46B6-9748-4D322B803B90}.Release|Any CPU.Build.0 = Release|Any CPU
		{8C9A6730-A638-46B6-9748-4D322B803B90}.Release|x64.ActiveCfg = Release|x64
		{8C9A6730-A638-46B6-9748-4D322B803B90}.Release|x64.Build.0 = Release|x64
		{F6CED47D-F2C1-4357-99F8-BD7DB7868D66}.Debug|Any CPU.ActiveCfg = Debug|Any CPU
		{F6CED47D-F2C1-4357-99F8-BD7DB7868D66}.Debug|Any CPU.Build.0 = Debug|Any CPU
		{F6CED47D-F2C1-4357-99F8-BD7DB7868D66}.Debug|x64.ActiveCfg = Debug|x64
		{F6CED47D-F2C1-4357-99F8-BD7DB7868D66}.Debug|x64.Build.0 = Debug|x64
		{F6CED47D-F2C1-4357-99F8-BD7DB7868D66}.Release|Any CPU.ActiveCfg = Release|Any CPU
		{F6CED47D-F2C1-4357-99F8-BD7DB7868D66}.Release|Any CPU.Build.0 = Release|Any CPU
		{F6CED47D-F2C1-4357-99F8-BD7DB7868D66}.Release|x64.ActiveCfg = Release|x64
		{F6CED47D-F2C1-4357-99F8-BD7DB7868D66}.Release|x64.Build.0 = Release|x64
	EndGlobalSection
	GlobalSection(SolutionProperties) = preSolution
		HideSolutionNode = FALSE
	EndGlobalSection
	GlobalSection(ExtensibilityGlobals) = postSolution
		SolutionGuid = {C584521E-356E-4A37-AA43-EF321B9A5FA0}
	EndGlobalSection
EndGlobal
